
Microsoft Visual Studio Solution File, Format Version 12.00
# Visual Studio 2012
Project("{D954291E-2A0B-460D-934E-DC6B0785DB48}") = "SharedCrossPlatform", "SharedCrossPlatform\SharedCrossPlatform.shproj", "{3F33BD94-B865-4634-BA49-917AD711A4AA}"
EndProject
Project("{FAE04EC0-301F-11D3-BF4B-00C04F79EFBC}") = "SharedCrossPlatform.Droid", "Droid\SharedCrossPlatform.Droid.csproj", "{20BFB423-347B-4134-9039-BE25F58F8552}"
EndProject
Project("{FAE04EC0-301F-11D3-BF4B-00C04F79EFBC}") = "SharedCrossPlatform.iOS", "iOS\SharedCrossPlatform.iOS.csproj", "{CA744F91-BE39-4839-B4FE-1585210C9E83}"
EndProject
Global
	GlobalSection(SolutionConfigurationPlatforms) = preSolution
		Debug|Any CPU = Debug|Any CPU
		Release|Any CPU = Release|Any CPU
		Debug|iPhoneSimulator = Debug|iPhoneSimulator
		Release|iPhone = Release|iPhone
		Release|iPhoneSimulator = Release|iPhoneSimulator
		Debug|iPhone = Debug|iPhone
	EndGlobalSection
	GlobalSection(ProjectConfigurationPlatforms) = postSolution
		{20BFB423-347B-4134-9039-BE25F58F8552}.Debug|Any CPU.ActiveCfg = Debug|Any CPU
		{20BFB423-347B-4134-9039-BE25F58F8552}.Debug|Any CPU.Build.0 = Debug|Any CPU
		{20BFB423-347B-4134-9039-BE25F58F8552}.Release|Any CPU.ActiveCfg = Release|Any CPU
		{20BFB423-347B-4134-9039-BE25F58F8552}.Release|Any CPU.Build.0 = Release|Any CPU
		{20BFB423-347B-4134-9039-BE25F58F8552}.Debug|iPhoneSimulator.ActiveCfg = Debug|Any CPU
		{20BFB423-347B-4134-9039-BE25F58F8552}.Debug|iPhoneSimulator.Build.0 = Debug|Any CPU
		{20BFB423-347B-4134-9039-BE25F58F8552}.Release|iPhone.ActiveCfg = Release|Any CPU
		{20BFB423-347B-4134-9039-BE25F58F8552}.Release|iPhone.Build.0 = Release|Any CPU
		{20BFB423-347B-4134-9039-BE25F58F8552}.Release|iPhoneSimulator.ActiveCfg = Release|Any CPU
		{20BFB423-347B-4134-9039-BE25F58F8552}.Release|iPhoneSimulator.Build.0 = Release|Any CPU
		{20BFB423-347B-4134-9039-BE25F58F8552}.Debug|iPhone.ActiveCfg = Debug|Any CPU
		{20BFB423-347B-4134-9039-BE25F58F8552}.Debug|iPhone.Build.0 = Debug|Any CPU
		{CA744F91-BE39-4839-B4FE-1585210C9E83}.Debug|Any CPU.ActiveCfg = Debug|iPhoneSimulator
		{CA744F91-BE39-4839-B4FE-1585210C9E83}.Debug|Any CPU.Build.0 = Debug|iPhoneSimulator
		{CA744F91-BE39-4839-B4FE-1585210C9E83}.Release|Any CPU.ActiveCfg = Release|iPhone
		{CA744F91-BE39-4839-B4FE-1585210C9E83}.Release|Any CPU.Build.0 = Release|iPhone
		{CA744F91-BE39-4839-B4FE-1585210C9E83}.Debug|iPhoneSimulator.ActiveCfg = Debug|iPhoneSimulator
		{CA744F91-BE39-4839-B4FE-1585210C9E83}.Debug|iPhoneSimulator.Build.0 = Debug|iPhoneSimulator
		{CA744F91-BE39-4839-B4FE-1585210C9E83}.Release|iPhone.ActiveCfg = Release|iPhone
		{CA744F91-BE39-4839-B4FE-1585210C9E83}.Release|iPhone.Build.0 = Release|iPhone
		{CA744F91-BE39-4839-B4FE-1585210C9E83}.Release|iPhoneSimulator.ActiveCfg = Release|iPhoneSimulator
		{CA744F91-BE39-4839-B4FE-1585210C9E83}.Release|iPhoneSimulator.Build.0 = Release|iPhoneSimulator
		{CA744F91-BE39-4839-B4FE-1585210C9E83}.Debug|iPhone.ActiveCfg = Debug|iPhone
		{CA744F91-BE39-4839-B4FE-1585210C9E83}.Debug|iPhone.Build.0 = Debug|iPhone
	EndGlobalSection
EndGlobal
