
Microsoft Visual Studio Solution File, Format Version 12.00
# Visual Studio 15
VisualStudioVersion = 15.0.26403.7
MinimumVisualStudioVersion = 10.0.40219.1
Project("{FAE04EC0-301F-11D3-BF4B-00C04F79EFBC}") = "FormsCrossPlatform.Android", "FormsCrossPlatform\FormsCrossPlatform.Android\FormsCrossPlatform.Android.csproj", "{CB48A3E4-8DFE-4892-BA75-382FFBC7A9C7}"
EndProject
Project("{FAE04EC0-301F-11D3-BF4B-00C04F79EFBC}") = "FormsCrossPlatform", "FormsCrossPlatform\FormsCrossPlatform\FormsCrossPlatform.csproj", "{6E0C0659-DFFF-4667-93B0-6DEEEBAB3A42}"
EndProject
Project("{FAE04EC0-301F-11D3-BF4B-00C04F79EFBC}") = "FormsCrossPlatform.iOS", "FormsCrossPlatform\FormsCrossPlatform.iOS\FormsCrossPlatform.iOS.csproj", "{20F11C34-D5FD-4E45-ABA2-77D58989C272}"
EndProject
Global
	GlobalSection(SolutionConfigurationPlatforms) = preSolution
		Ad-Hoc|Any CPU = Ad-Hoc|Any CPU
		Ad-Hoc|iPhone = Ad-Hoc|iPhone
		Ad-Hoc|iPhoneSimulator = Ad-Hoc|iPhoneSimulator
		AppStore|Any CPU = AppStore|Any CPU
		AppStore|iPhone = AppStore|iPhone
		AppStore|iPhoneSimulator = AppStore|iPhoneSimulator
		Debug|Any CPU = Debug|Any CPU
		Debug|iPhone = Debug|iPhone
		Debug|iPhoneSimulator = Debug|iPhoneSimulator
		Release|Any CPU = Release|Any CPU
		Release|iPhone = Release|iPhone
		Release|iPhoneSimulator = Release|iPhoneSimulator
	EndGlobalSection
	GlobalSection(ProjectConfigurationPlatforms) = postSolution
		{CB48A3E4-8DFE-4892-BA75-382FFBC7A9C7}.Ad-Hoc|Any CPU.ActiveCfg = Release|Any CPU
		{CB48A3E4-8DFE-4892-BA75-382FFBC7A9C7}.Ad-Hoc|Any CPU.Build.0 = Release|Any CPU
		{CB48A3E4-8DFE-4892-BA75-382FFBC7A9C7}.Ad-Hoc|Any CPU.Deploy.0 = Release|Any CPU
		{CB48A3E4-8DFE-4892-BA75-382FFBC7A9C7}.Ad-Hoc|iPhone.ActiveCfg = Release|Any CPU
		{CB48A3E4-8DFE-4892-BA75-382FFBC7A9C7}.Ad-Hoc|iPhone.Build.0 = Release|Any CPU
		{CB48A3E4-8DFE-4892-BA75-382FFBC7A9C7}.Ad-Hoc|iPhone.Deploy.0 = Release|Any CPU
		{CB48A3E4-8DFE-4892-BA75-382FFBC7A9C7}.Ad-Hoc|iPhoneSimulator.ActiveCfg = Release|Any CPU
		{CB48A3E4-8DFE-4892-BA75-382FFBC7A9C7}.Ad-Hoc|iPhoneSimulator.Build.0 = Release|Any CPU
		{CB48A3E4-8DFE-4892-BA75-382FFBC7A9C7}.Ad-Hoc|iPhoneSimulator.Deploy.0 = Release|Any CPU
		{CB48A3E4-8DFE-4892-BA75-382FFBC7A9C7}.AppStore|Any CPU.ActiveCfg = Release|Any CPU
		{CB48A3E4-8DFE-4892-BA75-382FFBC7A9C7}.AppStore|Any CPU.Build.0 = Release|Any CPU
		{CB48A3E4-8DFE-4892-BA75-382FFBC7A9C7}.AppStore|Any CPU.Deploy.0 = Release|Any CPU
		{CB48A3E4-8DFE-4892-BA75-382FFBC7A9C7}.AppStore|iPhone.ActiveCfg = Release|Any CPU
		{CB48A3E4-8DFE-4892-BA75-382FFBC7A9C7}.AppStore|iPhone.Build.0 = Release|Any CPU
		{CB48A3E4-8DFE-4892-BA75-382FFBC7A9C7}.AppStore|iPhone.Deploy.0 = Release|Any CPU
		{CB48A3E4-8DFE-4892-BA75-382FFBC7A9C7}.AppStore|iPhoneSimulator.ActiveCfg = Release|Any CPU
		{CB48A3E4-8DFE-4892-BA75-382FFBC7A9C7}.AppStore|iPhoneSimulator.Build.0 = Release|Any CPU
		{CB48A3E4-8DFE-4892-BA75-382FFBC7A9C7}.AppStore|iPhoneSimulator.Deploy.0 = Release|Any CPU
		{CB48A3E4-8DFE-4892-BA75-382FFBC7A9C7}.Debug|Any CPU.ActiveCfg = Debug|Any CPU
		{CB48A3E4-8DFE-4892-BA75-382FFBC7A9C7}.Debug|Any CPU.Build.0 = Debug|Any CPU
		{CB48A3E4-8DFE-4892-BA75-382FFBC7A9C7}.Debug|Any CPU.Deploy.0 = Debug|Any CPU
		{CB48A3E4-8DFE-4892-BA75-382FFBC7A9C7}.Debug|iPhone.ActiveCfg = Debug|Any CPU
		{CB48A3E4-8DFE-4892-BA75-382FFBC7A9C7}.Debug|iPhone.Build.0 = Debug|Any CPU
		{CB48A3E4-8DFE-4892-BA75-382FFBC7A9C7}.Debug|iPhone.Deploy.0 = Debug|Any CPU
		{CB48A3E4-8DFE-4892-BA75-382FFBC7A9C7}.Debug|iPhoneSimulator.ActiveCfg = Debug|Any CPU
		{CB48A3E4-8DFE-4892-BA75-382FFBC7A9C7}.Debug|iPhoneSimulator.Build.0 = Debug|Any CPU
		{CB48A3E4-8DFE-4892-BA75-382FFBC7A9C7}.Debug|iPhoneSimulator.Deploy.0 = Debug|Any CPU
		{CB48A3E4-8DFE-4892-BA75-382FFBC7A9C7}.Release|Any CPU.ActiveCfg = Release|Any CPU
		{CB48A3E4-8DFE-4892-BA75-382FFBC7A9C7}.Release|Any CPU.Build.0 = Release|Any CPU
		{CB48A3E4-8DFE-4892-BA75-382FFBC7A9C7}.Release|Any CPU.Deploy.0 = Release|Any CPU
		{CB48A3E4-8DFE-4892-BA75-382FFBC7A9C7}.Release|iPhone.ActiveCfg = Release|Any CPU
		{CB48A3E4-8DFE-4892-BA75-382FFBC7A9C7}.Release|iPhone.Build.0 = Release|Any CPU
		{CB48A3E4-8DFE-4892-BA75-382FFBC7A9C7}.Release|iPhone.Deploy.0 = Release|Any CPU
		{CB48A3E4-8DFE-4892-BA75-382FFBC7A9C7}.Release|iPhoneSimulator.ActiveCfg = Release|Any CPU
		{CB48A3E4-8DFE-4892-BA75-382FFBC7A9C7}.Release|iPhoneSimulator.Build.0 = Release|Any CPU
		{CB48A3E4-8DFE-4892-BA75-382FFBC7A9C7}.Release|iPhoneSimulator.Deploy.0 = Release|Any CPU
		{6E0C0659-DFFF-4667-93B0-6DEEEBAB3A42}.Ad-Hoc|Any CPU.ActiveCfg = Release|Any CPU
		{6E0C0659-DFFF-4667-93B0-6DEEEBAB3A42}.Ad-Hoc|Any CPU.Build.0 = Release|Any CPU
		{6E0C0659-DFFF-4667-93B0-6DEEEBAB3A42}.Ad-Hoc|iPhone.ActiveCfg = Release|Any CPU
		{6E0C0659-DFFF-4667-93B0-6DEEEBAB3A42}.Ad-Hoc|iPhone.Build.0 = Release|Any CPU
		{6E0C0659-DFFF-4667-93B0-6DEEEBAB3A42}.Ad-Hoc|iPhoneSimulator.ActiveCfg = Release|Any CPU
		{6E0C0659-DFFF-4667-93B0-6DEEEBAB3A42}.Ad-Hoc|iPhoneSimulator.Build.0 = Release|Any CPU
		{6E0C0659-DFFF-4667-93B0-6DEEEBAB3A42}.AppStore|Any CPU.ActiveCfg = Release|Any CPU
		{6E0C0659-DFFF-4667-93B0-6DEEEBAB3A42}.AppStore|Any CPU.Build.0 = Release|Any CPU
		{6E0C0659-DFFF-4667-93B0-6DEEEBAB3A42}.AppStore|iPhone.ActiveCfg = Release|Any CPU
		{6E0C0659-DFFF-4667-93B0-6DEEEBAB3A42}.AppStore|iPhone.Build.0 = Release|Any CPU
		{6E0C0659-DFFF-4667-93B0-6DEEEBAB3A42}.AppStore|iPhoneSimulator.ActiveCfg = Release|Any CPU
		{6E0C0659-DFFF-4667-93B0-6DEEEBAB3A42}.AppStore|iPhoneSimulator.Build.0 = Release|Any CPU
		{6E0C0659-DFFF-4667-93B0-6DEEEBAB3A42}.Debug|Any CPU.ActiveCfg = Debug|Any CPU
		{6E0C0659-DFFF-4667-93B0-6DEEEBAB3A42}.Debug|Any CPU.Build.0 = Debug|Any CPU
		{6E0C0659-DFFF-4667-93B0-6DEEEBAB3A42}.Debug|iPhone.ActiveCfg = Debug|Any CPU
		{6E0C0659-DFFF-4667-93B0-6DEEEBAB3A42}.Debug|iPhone.Build.0 = Debug|Any CPU
		{6E0C0659-DFFF-4667-93B0-6DEEEBAB3A42}.Debug|iPhoneSimulator.ActiveCfg = Debug|Any CPU
		{6E0C0659-DFFF-4667-93B0-6DEEEBAB3A42}.Debug|iPhoneSimulator.Build.0 = Debug|Any CPU
		{6E0C0659-DFFF-4667-93B0-6DEEEBAB3A42}.Release|Any CPU.ActiveCfg = Release|Any CPU
		{6E0C0659-DFFF-4667-93B0-6DEEEBAB3A42}.Release|Any CPU.Build.0 = Release|Any CPU
		{6E0C0659-DFFF-4667-93B0-6DEEEBAB3A42}.Release|iPhone.ActiveCfg = Release|Any CPU
		{6E0C0659-DFFF-4667-93B0-6DEEEBAB3A42}.Release|iPhone.Build.0 = Release|Any CPU
		{6E0C0659-DFFF-4667-93B0-6DEEEBAB3A42}.Release|iPhoneSimulator.ActiveCfg = Release|Any CPU
		{6E0C0659-DFFF-4667-93B0-6DEEEBAB3A42}.Release|iPhoneSimulator.Build.0 = Release|Any CPU
		{20F11C34-D5FD-4E45-ABA2-77D58989C272}.Ad-Hoc|Any CPU.ActiveCfg = Ad-Hoc|iPhone
		{20F11C34-D5FD-4E45-ABA2-77D58989C272}.Ad-Hoc|iPhone.ActiveCfg = Ad-Hoc|iPhone
		{20F11C34-D5FD-4E45-ABA2-77D58989C272}.Ad-Hoc|iPhone.Build.0 = Ad-Hoc|iPhone
		{20F11C34-D5FD-4E45-ABA2-77D58989C272}.Ad-Hoc|iPhoneSimulator.ActiveCfg = Ad-Hoc|iPhoneSimulator
		{20F11C34-D5FD-4E45-ABA2-77D58989C272}.Ad-Hoc|iPhoneSimulator.Build.0 = Ad-Hoc|iPhoneSimulator
		{20F11C34-D5FD-4E45-ABA2-77D58989C272}.AppStore|Any CPU.ActiveCfg = AppStore|iPhone
		{20F11C34-D5FD-4E45-ABA2-77D58989C272}.AppStore|iPhone.ActiveCfg = AppStore|iPhone
		{20F11C34-D5FD-4E45-ABA2-77D58989C272}.AppStore|iPhone.Build.0 = AppStore|iPhone
		{20F11C34-D5FD-4E45-ABA2-77D58989C272}.AppStore|iPhoneSimulator.ActiveCfg = AppStore|iPhoneSimulator
		{20F11C34-D5FD-4E45-ABA2-77D58989C272}.AppStore|iPhoneSimulator.Build.0 = AppStore|iPhoneSimulator
		{20F11C34-D5FD-4E45-ABA2-77D58989C272}.Debug|Any CPU.ActiveCfg = Debug|iPhone
		{20F11C34-D5FD-4E45-ABA2-77D58989C272}.Debug|iPhone.ActiveCfg = Debug|iPhone
		{20F11C34-D5FD-4E45-ABA2-77D58989C272}.Debug|iPhone.Build.0 = Debug|iPhone
		{20F11C34-D5FD-4E45-ABA2-77D58989C272}.Debug|iPhoneSimulator.ActiveCfg = Debug|iPhoneSimulator
		{20F11C34-D5FD-4E45-ABA2-77D58989C272}.Debug|iPhoneSimulator.Build.0 = Debug|iPhoneSimulator
		{20F11C34-D5FD-4E45-ABA2-77D58989C272}.Release|Any CPU.ActiveCfg = Release|iPhone
		{20F11C34-D5FD-4E45-ABA2-77D58989C272}.Release|iPhone.ActiveCfg = Release|iPhone
		{20F11C34-D5FD-4E45-ABA2-77D58989C272}.Release|iPhone.Build.0 = Release|iPhone
		{20F11C34-D5FD-4E45-ABA2-77D58989C272}.Release|iPhoneSimulator.ActiveCfg = Release|iPhoneSimulator
		{20F11C34-D5FD-4E45-ABA2-77D58989C272}.Release|iPhoneSimulator.Build.0 = Release|iPhoneSimulator
	EndGlobalSection
	GlobalSection(SolutionProperties) = preSolution
		HideSolutionNode = FALSE
	EndGlobalSection
EndGlobal
